
Microsoft Visual Studio Solution File, Format Version 12.00
# Visual Studio Version 16
VisualStudioVersion = 16.0.31005.135
MinimumVisualStudioVersion = 10.0.40219.1
Project("{FAE04EC0-301F-11D3-BF4B-00C04F79EFBC}") = "LW3", "LW3\LW3.csproj", "{82EAA8AF-4A8B-4B0A-AA21-2B188AC27DDF}"
EndProject
Global
	GlobalSection(SolutionConfigurationPlatforms) = preSolution
		Debug|Any CPU = Debug|Any CPU
		Release|Any CPU = Release|Any CPU
	EndGlobalSection
	GlobalSection(ProjectConfigurationPlatforms) = postSolution
		{82EAA8AF-4A8B-4B0A-AA21-2B188AC27DDF}.Debug|Any CPU.ActiveCfg = Debug|Any CPU
		{82EAA8AF-4A8B-4B0A-AA21-2B188AC27DDF}.Debug|Any CPU.Build.0 = Debug|Any CPU
		{82EAA8AF-4A8B-4B0A-AA21-2B188AC27DDF}.Release|Any CPU.ActiveCfg = Release|Any CPU
		{82EAA8AF-4A8B-4B0A-AA21-2B188AC27DDF}.Release|Any CPU.Build.0 = Release|Any CPU
	EndGlobalSection
	GlobalSection(SolutionProperties) = preSolution
		HideSolutionNode = FALSE
	EndGlobalSection
	GlobalSection(ExtensibilityGlobals) = postSolution
		SolutionGuid = {09875B37-4020-4E12-962D-F1B791A1B406}
	EndGlobalSection
EndGlobal
